
Microsoft Visual Studio Solution File, Format Version 12.00
# Visual Studio Version 16
VisualStudioVersion = 16.0.30413.136
MinimumVisualStudioVersion = 10.0.40219.1
Project("{FAE04EC0-301F-11D3-BF4B-00C04F79EFBC}") = "BookStoreApplication", "BookStoreApplication\BookStoreApplication.csproj", "{6EF660FD-3E54-4344-8271-4027FA6262B2}"
EndProject
Project("{FAE04EC0-301F-11D3-BF4B-00C04F79EFBC}") = "ModelLayerBookStore", "ModelLayerBookStore\ModelLayerBookStore.csproj", "{4EA6EE8D-95E7-4C81-A406-F485CA8E962B}"
EndProject
Global
	GlobalSection(SolutionConfigurationPlatforms) = preSolution
		Debug|Any CPU = Debug|Any CPU
		Release|Any CPU = Release|Any CPU
	EndGlobalSection
	GlobalSection(ProjectConfigurationPlatforms) = postSolution
		{6EF660FD-3E54-4344-8271-4027FA6262B2}.Debug|Any CPU.ActiveCfg = Debug|Any CPU
		{6EF660FD-3E54-4344-8271-4027FA6262B2}.Debug|Any CPU.Build.0 = Debug|Any CPU
		{6EF660FD-3E54-4344-8271-4027FA6262B2}.Release|Any CPU.ActiveCfg = Release|Any CPU
		{6EF660FD-3E54-4344-8271-4027FA6262B2}.Release|Any CPU.Build.0 = Release|Any CPU
		{4EA6EE8D-95E7-4C81-A406-F485CA8E962B}.Debug|Any CPU.ActiveCfg = Debug|Any CPU
		{4EA6EE8D-95E7-4C81-A406-F485CA8E962B}.Debug|Any CPU.Build.0 = Debug|Any CPU
		{4EA6EE8D-95E7-4C81-A406-F485CA8E962B}.Release|Any CPU.ActiveCfg = Release|Any CPU
		{4EA6EE8D-95E7-4C81-A406-F485CA8E962B}.Release|Any CPU.Build.0 = Release|Any CPU
	EndGlobalSection
	GlobalSection(SolutionProperties) = preSolution
		HideSolutionNode = FALSE
	EndGlobalSection
	GlobalSection(ExtensibilityGlobals) = postSolution
		SolutionGuid = {83FB3834-D0D5-4D98-8EA6-1B80CD5BE333}
	EndGlobalSection
EndGlobal
